
Microsoft Visual Studio Solution File, Format Version 12.00
# Visual Studio Version 17
VisualStudioVersion = 17.14.36203.30 d17.14
MinimumVisualStudioVersion = 10.0.40219.1
Project("{FAE04EC0-301F-11D3-BF4B-00C04F79EFBC}") = "WeatherDisplay", "WeatherDisplay\WeatherDisplay.csproj", "{FE3FEFE0-CA52-4D4A-A99D-3DD3FD66C8C2}"
EndProject
Global
	GlobalSection(SolutionConfigurationPlatforms) = preSolution
		Debug|Any CPU = Debug|Any CPU
		Release|Any CPU = Release|Any CPU
	EndGlobalSection
	GlobalSection(ProjectConfigurationPlatforms) = postSolution
		{FE3FEFE0-CA52-4D4A-A99D-3DD3FD66C8C2}.Debug|Any CPU.ActiveCfg = Debug|Any CPU
		{FE3FEFE0-CA52-4D4A-A99D-3DD3FD66C8C2}.Debug|Any CPU.Build.0 = Debug|Any CPU
		{FE3FEFE0-CA52-4D4A-A99D-3DD3FD66C8C2}.Release|Any CPU.ActiveCfg = Release|Any CPU
		{FE3FEFE0-CA52-4D4A-A99D-3DD3FD66C8C2}.Release|Any CPU.Build.0 = Release|Any CPU
	EndGlobalSection
	GlobalSection(SolutionProperties) = preSolution
		HideSolutionNode = FALSE
	EndGlobalSection
	GlobalSection(ExtensibilityGlobals) = postSolution
		SolutionGuid = {8916752F-6B89-4826-9599-2C1BB28689AF}
	EndGlobalSection
EndGlobal
